
Microsoft Visual Studio Solution File, Format Version 12.00
# Visual Studio Version 17
VisualStudioVersion = 17.9.34607.119
MinimumVisualStudioVersion = 10.0.40219.1
Project("{FAE04EC0-301F-11D3-BF4B-00C04F79EFBC}") = "GateSystemAdonet", "GateSystemAdonet\GateSystemAdonet.csproj", "{C42D94ED-5A84-44B0-8113-EB9D41B56E0E}"
EndProject
Project("{2150E333-8FDC-42A3-9474-1A3956D46DE8}") = "Solution Items", "Solution Items", "{77AB0356-67C7-4E24-A389-55D926813F30}"
EndProject
Global
	GlobalSection(SolutionConfigurationPlatforms) = preSolution
		Debug|Any CPU = Debug|Any CPU
		Release|Any CPU = Release|Any CPU
	EndGlobalSection
	GlobalSection(ProjectConfigurationPlatforms) = postSolution
		{C42D94ED-5A84-44B0-8113-EB9D41B56E0E}.Debug|Any CPU.ActiveCfg = Debug|Any CPU
		{C42D94ED-5A84-44B0-8113-EB9D41B56E0E}.Debug|Any CPU.Build.0 = Debug|Any CPU
		{C42D94ED-5A84-44B0-8113-EB9D41B56E0E}.Release|Any CPU.ActiveCfg = Release|Any CPU
		{C42D94ED-5A84-44B0-8113-EB9D41B56E0E}.Release|Any CPU.Build.0 = Release|Any CPU
	EndGlobalSection
	GlobalSection(SolutionProperties) = preSolution
		HideSolutionNode = FALSE
	EndGlobalSection
	GlobalSection(ExtensibilityGlobals) = postSolution
		SolutionGuid = {20F15FE9-46C9-4E97-B816-E85CD78D53E4}
	EndGlobalSection
EndGlobal
